
Microsoft Visual Studio Solution File, Format Version 12.00
# Visual Studio Version 17
VisualStudioVersion = 17.4.33205.214
MinimumVisualStudioVersion = 10.0.40219.1
Project("{9A19103F-16F7-4668-BE54-9A1E7A4F7556}") = "GUI_Project_4162_4271", "GUI_Project_4162_4271\GUI_Project_4162_4271.csproj", "{874473AC-3C7C-4F46-A42D-5D55B9DC5E2A}"
EndProject
Project("{FAE04EC0-301F-11D3-BF4B-00C04F79EFBC}") = "Test_GUI_Project", "Test_GUI_Project\Test_GUI_Project.csproj", "{139CAE79-DA07-465E-85F9-B0629C4D328C}"
EndProject
Global
	GlobalSection(SolutionConfigurationPlatforms) = preSolution
		Debug|Any CPU = Debug|Any CPU
		Release|Any CPU = Release|Any CPU
	EndGlobalSection
	GlobalSection(ProjectConfigurationPlatforms) = postSolution
		{874473AC-3C7C-4F46-A42D-5D55B9DC5E2A}.Debug|Any CPU.ActiveCfg = Debug|Any CPU
		{874473AC-3C7C-4F46-A42D-5D55B9DC5E2A}.Debug|Any CPU.Build.0 = Debug|Any CPU
		{874473AC-3C7C-4F46-A42D-5D55B9DC5E2A}.Release|Any CPU.ActiveCfg = Release|Any CPU
		{874473AC-3C7C-4F46-A42D-5D55B9DC5E2A}.Release|Any CPU.Build.0 = Release|Any CPU
		{139CAE79-DA07-465E-85F9-B0629C4D328C}.Debug|Any CPU.ActiveCfg = Debug|Any CPU
		{139CAE79-DA07-465E-85F9-B0629C4D328C}.Debug|Any CPU.Build.0 = Debug|Any CPU
		{139CAE79-DA07-465E-85F9-B0629C4D328C}.Release|Any CPU.ActiveCfg = Release|Any CPU
		{139CAE79-DA07-465E-85F9-B0629C4D328C}.Release|Any CPU.Build.0 = Release|Any CPU
	EndGlobalSection
	GlobalSection(SolutionProperties) = preSolution
		HideSolutionNode = FALSE
	EndGlobalSection
	GlobalSection(ExtensibilityGlobals) = postSolution
		SolutionGuid = {49CA2A10-BE11-482F-919D-22BA5B9A33D3}
	EndGlobalSection
EndGlobal
